
Microsoft Visual Studio Solution File, Format Version 12.00
# Visual Studio Version 17
VisualStudioVersion = 17.12.35527.113
MinimumVisualStudioVersion = 10.0.40219.1
Project("{FAE04EC0-301F-11D3-BF4B-00C04F79EFBC}") = "RecruitmentTask.Tests", "RecruitmentTask.Tests\RecruitmentTask.Tests.csproj", "{4172EC0A-A8F2-4F16-B8FA-B1F19C4B115C}"
EndProject
Project("{FAE04EC0-301F-11D3-BF4B-00C04F79EFBC}") = "RecruitmentTask.Calculator", "RecruitmentTask.Calculator\RecruitmentTask.Calculator.csproj", "{CA15F821-8A0D-4E12-8EBA-E89085533401}"
EndProject
Project("{FAE04EC0-301F-11D3-BF4B-00C04F79EFBC}") = "RecruitmentTask.BuisnessLayer", "RecruitmentTask.Core\RecruitmentTask.BuisnessLayer.csproj", "{549854C3-74C5-48EA-833A-DBBA880F130E}"
EndProject
Project("{FAE04EC0-301F-11D3-BF4B-00C04F79EFBC}") = "RecruitmentTask.Utility", "RecruitmentTask.Utility\RecruitmentTask.Utility.csproj", "{6EF5DA1A-CCA5-47D6-9C8A-3A3C939ABC24}"
EndProject
Project("{FAE04EC0-301F-11D3-BF4B-00C04F79EFBC}") = "RecruitmentTask.DataAccess", "RecruitmentTask.DataAccess\RecruitmentTask.DataAccess.csproj", "{7589575E-F58D-4469-81A6-735AC3934A61}"
EndProject
Project("{FAE04EC0-301F-11D3-BF4B-00C04F79EFBC}") = "RecruitmentTask.Web", "RecruitmentTask.Web\RecruitmentTask.Web.csproj", "{A1B2D5E4-064A-4CB6-A4E6-057C59BD2952}"
EndProject
Global
	GlobalSection(SolutionConfigurationPlatforms) = preSolution
		Debug|Any CPU = Debug|Any CPU
		Release|Any CPU = Release|Any CPU
	EndGlobalSection
	GlobalSection(ProjectConfigurationPlatforms) = postSolution
		{4172EC0A-A8F2-4F16-B8FA-B1F19C4B115C}.Debug|Any CPU.ActiveCfg = Debug|Any CPU
		{4172EC0A-A8F2-4F16-B8FA-B1F19C4B115C}.Debug|Any CPU.Build.0 = Debug|Any CPU
		{4172EC0A-A8F2-4F16-B8FA-B1F19C4B115C}.Release|Any CPU.ActiveCfg = Release|Any CPU
		{4172EC0A-A8F2-4F16-B8FA-B1F19C4B115C}.Release|Any CPU.Build.0 = Release|Any CPU
		{CA15F821-8A0D-4E12-8EBA-E89085533401}.Debug|Any CPU.ActiveCfg = Debug|Any CPU
		{CA15F821-8A0D-4E12-8EBA-E89085533401}.Debug|Any CPU.Build.0 = Debug|Any CPU
		{CA15F821-8A0D-4E12-8EBA-E89085533401}.Release|Any CPU.ActiveCfg = Release|Any CPU
		{CA15F821-8A0D-4E12-8EBA-E89085533401}.Release|Any CPU.Build.0 = Release|Any CPU
		{549854C3-74C5-48EA-833A-DBBA880F130E}.Debug|Any CPU.ActiveCfg = Debug|Any CPU
		{549854C3-74C5-48EA-833A-DBBA880F130E}.Debug|Any CPU.Build.0 = Debug|Any CPU
		{549854C3-74C5-48EA-833A-DBBA880F130E}.Release|Any CPU.ActiveCfg = Release|Any CPU
		{549854C3-74C5-48EA-833A-DBBA880F130E}.Release|Any CPU.Build.0 = Release|Any CPU
		{6EF5DA1A-CCA5-47D6-9C8A-3A3C939ABC24}.Debug|Any CPU.ActiveCfg = Debug|Any CPU
		{6EF5DA1A-CCA5-47D6-9C8A-3A3C939ABC24}.Debug|Any CPU.Build.0 = Debug|Any CPU
		{6EF5DA1A-CCA5-47D6-9C8A-3A3C939ABC24}.Release|Any CPU.ActiveCfg = Release|Any CPU
		{6EF5DA1A-CCA5-47D6-9C8A-3A3C939ABC24}.Release|Any CPU.Build.0 = Release|Any CPU
		{7589575E-F58D-4469-81A6-735AC3934A61}.Debug|Any CPU.ActiveCfg = Debug|Any CPU
		{7589575E-F58D-4469-81A6-735AC3934A61}.Debug|Any CPU.Build.0 = Debug|Any CPU
		{7589575E-F58D-4469-81A6-735AC3934A61}.Release|Any CPU.ActiveCfg = Release|Any CPU
		{7589575E-F58D-4469-81A6-735AC3934A61}.Release|Any CPU.Build.0 = Release|Any CPU
		{A1B2D5E4-064A-4CB6-A4E6-057C59BD2952}.Debug|Any CPU.ActiveCfg = Debug|Any CPU
		{A1B2D5E4-064A-4CB6-A4E6-057C59BD2952}.Debug|Any CPU.Build.0 = Debug|Any CPU
		{A1B2D5E4-064A-4CB6-A4E6-057C59BD2952}.Release|Any CPU.ActiveCfg = Release|Any CPU
		{A1B2D5E4-064A-4CB6-A4E6-057C59BD2952}.Release|Any CPU.Build.0 = Release|Any CPU
	EndGlobalSection
	GlobalSection(SolutionProperties) = preSolution
		HideSolutionNode = FALSE
	EndGlobalSection
EndGlobal
